# This file is automatically @generated by Cargo.
# It is not intended for manual editing.
version = 3

[[package]]
name = "core_simd"
version = "0.1.0"
source = "git+https://github.com/rust-lang/portable-simd.git#56566d816deda17b2ddaf3e3e603f2af16e26653"

[[package]]
name = "zapocet"
version = "0.1.0"
dependencies = [
 "core_simd",
]
